
Microsoft Visual Studio Solution File, Format Version 12.00
# Visual Studio Version 16
VisualStudioVersion = 16.0.29911.84
MinimumVisualStudioVersion = 10.0.40219.1
Project("{FAE04EC0-301F-11D3-BF4B-00C04F79EFBC}") = "3-Gun-Odevler", "3-Gun-Odevler\3-Gun-Odevler.csproj", "{8E72FADD-D54D-4FFC-9425-60CDC5095DAD}"
EndProject
Global
	GlobalSection(SolutionConfigurationPlatforms) = preSolution
		Debug|Any CPU = Debug|Any CPU
		Release|Any CPU = Release|Any CPU
	EndGlobalSection
	GlobalSection(ProjectConfigurationPlatforms) = postSolution
		{8E72FADD-D54D-4FFC-9425-60CDC5095DAD}.Debug|Any CPU.ActiveCfg = Debug|Any CPU
		{8E72FADD-D54D-4FFC-9425-60CDC5095DAD}.Debug|Any CPU.Build.0 = Debug|Any CPU
		{8E72FADD-D54D-4FFC-9425-60CDC5095DAD}.Release|Any CPU.ActiveCfg = Release|Any CPU
		{8E72FADD-D54D-4FFC-9425-60CDC5095DAD}.Release|Any CPU.Build.0 = Release|Any CPU
	EndGlobalSection
	GlobalSection(SolutionProperties) = preSolution
		HideSolutionNode = FALSE
	EndGlobalSection
	GlobalSection(ExtensibilityGlobals) = postSolution
		SolutionGuid = {B5383ACB-7E7A-4B70-A3F2-9759E5D5F5B6}
	EndGlobalSection
EndGlobal
